
Microsoft Visual Studio Solution File, Format Version 12.00
# Visual Studio Version 16
VisualStudioVersion = 16.0.30413.136
MinimumVisualStudioVersion = 10.0.40219.1
Project("{FAE04EC0-301F-11D3-BF4B-00C04F79EFBC}") = "retezec", "retezec\retezec.csproj", "{342B85E0-BEBF-4ECF-9094-B20D99F2D16A}"
EndProject
Project("{FAE04EC0-301F-11D3-BF4B-00C04F79EFBC}") = "P03", "P03\P03.csproj", "{254E9A01-8ABB-4BE0-8754-BC778CB6C589}"
EndProject
Project("{FAE04EC0-301F-11D3-BF4B-00C04F79EFBC}") = "P04", "P04\P04.csproj", "{FCF1E6BA-C8D1-429C-8A14-A8B593B642E4}"
EndProject
Project("{FAE04EC0-301F-11D3-BF4B-00C04F79EFBC}") = "_P05", "_P05\_P05.csproj", "{0CF63207-01AC-47D4-B2C5-13236C9F6E21}"
EndProject
Project("{FAE04EC0-301F-11D3-BF4B-00C04F79EFBC}") = "P06", "P06\P06.csproj", "{93AF3DA9-F9BA-4B78-B9CF-D7217FFF50A5}"
EndProject
Global
	GlobalSection(SolutionConfigurationPlatforms) = preSolution
		Debug|Any CPU = Debug|Any CPU
		Release|Any CPU = Release|Any CPU
	EndGlobalSection
	GlobalSection(ProjectConfigurationPlatforms) = postSolution
		{342B85E0-BEBF-4ECF-9094-B20D99F2D16A}.Debug|Any CPU.ActiveCfg = Debug|Any CPU
		{342B85E0-BEBF-4ECF-9094-B20D99F2D16A}.Debug|Any CPU.Build.0 = Debug|Any CPU
		{342B85E0-BEBF-4ECF-9094-B20D99F2D16A}.Release|Any CPU.ActiveCfg = Release|Any CPU
		{342B85E0-BEBF-4ECF-9094-B20D99F2D16A}.Release|Any CPU.Build.0 = Release|Any CPU
		{254E9A01-8ABB-4BE0-8754-BC778CB6C589}.Debug|Any CPU.ActiveCfg = Debug|Any CPU
		{254E9A01-8ABB-4BE0-8754-BC778CB6C589}.Debug|Any CPU.Build.0 = Debug|Any CPU
		{254E9A01-8ABB-4BE0-8754-BC778CB6C589}.Release|Any CPU.ActiveCfg = Release|Any CPU
		{254E9A01-8ABB-4BE0-8754-BC778CB6C589}.Release|Any CPU.Build.0 = Release|Any CPU
		{FCF1E6BA-C8D1-429C-8A14-A8B593B642E4}.Debug|Any CPU.ActiveCfg = Debug|Any CPU
		{FCF1E6BA-C8D1-429C-8A14-A8B593B642E4}.Debug|Any CPU.Build.0 = Debug|Any CPU
		{FCF1E6BA-C8D1-429C-8A14-A8B593B642E4}.Release|Any CPU.ActiveCfg = Release|Any CPU
		{FCF1E6BA-C8D1-429C-8A14-A8B593B642E4}.Release|Any CPU.Build.0 = Release|Any CPU
		{0CF63207-01AC-47D4-B2C5-13236C9F6E21}.Debug|Any CPU.ActiveCfg = Debug|Any CPU
		{0CF63207-01AC-47D4-B2C5-13236C9F6E21}.Debug|Any CPU.Build.0 = Debug|Any CPU
		{0CF63207-01AC-47D4-B2C5-13236C9F6E21}.Release|Any CPU.ActiveCfg = Release|Any CPU
		{0CF63207-01AC-47D4-B2C5-13236C9F6E21}.Release|Any CPU.Build.0 = Release|Any CPU
		{93AF3DA9-F9BA-4B78-B9CF-D7217FFF50A5}.Debug|Any CPU.ActiveCfg = Debug|Any CPU
		{93AF3DA9-F9BA-4B78-B9CF-D7217FFF50A5}.Debug|Any CPU.Build.0 = Debug|Any CPU
		{93AF3DA9-F9BA-4B78-B9CF-D7217FFF50A5}.Release|Any CPU.ActiveCfg = Release|Any CPU
		{93AF3DA9-F9BA-4B78-B9CF-D7217FFF50A5}.Release|Any CPU.Build.0 = Release|Any CPU
	EndGlobalSection
	GlobalSection(SolutionProperties) = preSolution
		HideSolutionNode = FALSE
	EndGlobalSection
	GlobalSection(ExtensibilityGlobals) = postSolution
		SolutionGuid = {6566FF63-9F23-48EC-AD31-96F434581519}
	EndGlobalSection
EndGlobal
